
Microsoft Visual Studio Solution File, Format Version 12.00
# Visual Studio Version 17
VisualStudioVersion = 17.12.35527.113 d17.12
MinimumVisualStudioVersion = 10.0.40219.1
Project("{FAE04EC0-301F-11D3-BF4B-00C04F79EFBC}") = "HotelReservationsManager", "HotelReservationsManager\HotelReservationsManager.csproj", "{64233025-B5D9-41C5-8F5C-54A86ABD8135}"
EndProject
Global
	GlobalSection(SolutionConfigurationPlatforms) = preSolution
		Debug|Any CPU = Debug|Any CPU
		Release|Any CPU = Release|Any CPU
	EndGlobalSection
	GlobalSection(ProjectConfigurationPlatforms) = postSolution
		{64233025-B5D9-41C5-8F5C-54A86ABD8135}.Debug|Any CPU.ActiveCfg = Debug|Any CPU
		{64233025-B5D9-41C5-8F5C-54A86ABD8135}.Debug|Any CPU.Build.0 = Debug|Any CPU
		{64233025-B5D9-41C5-8F5C-54A86ABD8135}.Release|Any CPU.ActiveCfg = Release|Any CPU
		{64233025-B5D9-41C5-8F5C-54A86ABD8135}.Release|Any CPU.Build.0 = Release|Any CPU
	EndGlobalSection
	GlobalSection(SolutionProperties) = preSolution
		HideSolutionNode = FALSE
	EndGlobalSection
EndGlobal
